
Microsoft Visual Studio Solution File, Format Version 12.00
# Visual Studio Version 17
VisualStudioVersion = 17.3.32929.385
MinimumVisualStudioVersion = 10.0.40219.1
Project("{888888A0-9F3D-457C-B088-3A5042F75D52}") = "MyFirstPython", "MyFirstPython\MyFirstPython.pyproj", "{97299FD1-B98F-491B-938F-B6863EB9A07A}"
EndProject
Global
	GlobalSection(SolutionConfigurationPlatforms) = preSolution
		Debug|Any CPU = Debug|Any CPU
		Release|Any CPU = Release|Any CPU
	EndGlobalSection
	GlobalSection(ProjectConfigurationPlatforms) = postSolution
		{97299FD1-B98F-491B-938F-B6863EB9A07A}.Debug|Any CPU.ActiveCfg = Debug|Any CPU
		{97299FD1-B98F-491B-938F-B6863EB9A07A}.Release|Any CPU.ActiveCfg = Release|Any CPU
	EndGlobalSection
	GlobalSection(SolutionProperties) = preSolution
		HideSolutionNode = FALSE
	EndGlobalSection
	GlobalSection(ExtensibilityGlobals) = postSolution
		SolutionGuid = {4CB754C6-A418-43F7-9BD4-B79EE3AD36B4}
	EndGlobalSection
EndGlobal
